// !$*UTF8*$!
{
	archiveVersion = 1;
	classes = {
	};
	objectVersion = 46;
	objects = {

/* Begin PBXBuildFile section */
		4E0BD3CA18D1F39E00E6E545 /* InitAccountController.m in Sources */ = {isa = PBXBuildFile; fileRef = 4E0BD3C918D1F39E00E6E545 /* InitAccountController.m */; };
		4E21B3EC18ED92C800527CA7 /* CuesViewController.m in Sources */ = {isa = PBXBuildFile; fileRef = 4E21B3EB18ED92C800527CA7 /* CuesViewController.m */; };
		4E21B3EF18EDAE3800527CA7 /* CueViewController.m in Sources */ = {isa = PBXBuildFile; fileRef = 4E21B3EE18EDAE3800527CA7 /* CueViewController.m */; };
		4E5F9E3018D1B17E001A4FD2 /* Foundation.framework in Frameworks */ = {isa = PBXBuildFile; fileRef = 4E5F9E2F18D1B17E001A4FD2 /* Foundation.framework */; };
		4E5F9E3218D1B17E001A4FD2 /* CoreGraphics.framework in Frameworks */ = {isa = PBXBuildFile; fileRef = 4E5F9E3118D1B17E001A4FD2 /* CoreGraphics.framework */; };
		4E5F9E3418D1B17E001A4FD2 /* UIKit.framework in Frameworks */ = {isa = PBXBuildFile; fileRef = 4E5F9E3318D1B17E001A4FD2 /* UIKit.framework */; };
		4E5F9E3A18D1B17E001A4FD2 /* InfoPlist.strings in Resources */ = {isa = PBXBuildFile; fileRef = 4E5F9E3818D1B17E001A4FD2 /* InfoPlist.strings */; };
		4E5F9E3C18D1B17E001A4FD2 /* main.m in Sources */ = {isa = PBXBuildFile; fileRef = 4E5F9E3B18D1B17E001A4FD2 /* main.m */; };
		4E5F9E4018D1B17E001A4FD2 /* PassCueAppDelegate.m in Sources */ = {isa = PBXBuildFile; fileRef = 4E5F9E3F18D1B17E001A4FD2 /* PassCueAppDelegate.m */; };
		4E5F9E4218D1B17E001A4FD2 /* Images.xcassets in Resources */ = {isa = PBXBuildFile; fileRef = 4E5F9E4118D1B17E001A4FD2 /* Images.xcassets */; };
		4E5F9E4918D1B17E001A4FD2 /* XCTest.framework in Frameworks */ = {isa = PBXBuildFile; fileRef = 4E5F9E4818D1B17E001A4FD2 /* XCTest.framework */; };
		4E5F9E4A18D1B17E001A4FD2 /* Foundation.framework in Frameworks */ = {isa = PBXBuildFile; fileRef = 4E5F9E2F18D1B17E001A4FD2 /* Foundation.framework */; };
		4E5F9E4B18D1B17E001A4FD2 /* UIKit.framework in Frameworks */ = {isa = PBXBuildFile; fileRef = 4E5F9E3318D1B17E001A4FD2 /* UIKit.framework */; };
		4E5F9E5318D1B17E001A4FD2 /* InfoPlist.strings in Resources */ = {isa = PBXBuildFile; fileRef = 4E5F9E5118D1B17E001A4FD2 /* InfoPlist.strings */; };
		4E5F9E5518D1B17E001A4FD2 /* PassCueTests.m in Sources */ = {isa = PBXBuildFile; fileRef = 4E5F9E5418D1B17E001A4FD2 /* PassCueTests.m */; };
		4E5F9E7918D1B57D001A4FD2 /* DBManager.m in Sources */ = {isa = PBXBuildFile; fileRef = 4E5F9E6E18D1B57D001A4FD2 /* DBManager.m */; };
		4E5F9E7A18D1B57D001A4FD2 /* MainViewController.m in Sources */ = {isa = PBXBuildFile; fileRef = 4E5F9E7018D1B57D001A4FD2 /* MainViewController.m */; };
		4E5F9E7D18D1B57D001A4FD2 /* Task.m in Sources */ = {isa = PBXBuildFile; fileRef = 4E5F9E7618D1B57D001A4FD2 /* Task.m */; };
		4E5F9E7E18D1B57D001A4FD2 /* ViewAccountController.m in Sources */ = {isa = PBXBuildFile; fileRef = 4E5F9E7818D1B57D001A4FD2 /* ViewAccountController.m */; };
		4E5F9E8018D1B603001A4FD2 /* libsqlite3.0.dylib in Frameworks */ = {isa = PBXBuildFile; fileRef = 4E5F9E7F18D1B603001A4FD2 /* libsqlite3.0.dylib */; };
		4E5F9E8318D1B82E001A4FD2 /* Account.m in Sources */ = {isa = PBXBuildFile; fileRef = 4E5F9E8218D1B82E001A4FD2 /* Account.m */; };
		4E5FD10118E5A64200DF9ED4 /* Default-568h@2x.png in Resources */ = {isa = PBXBuildFile; fileRef = 4E5FD10018E5A64200DF9ED4 /* Default-568h@2x.png */; };
		4E6141C618E95281007D26BD /* RehearsalSchedule.m in Sources */ = {isa = PBXBuildFile; fileRef = 4E6141C518E95281007D26BD /* RehearsalSchedule.m */; };
		4E64C84E18D6F0B900B52495 /* Object.m in Sources */ = {isa = PBXBuildFile; fileRef = 4E64C84D18D6F0B900B52495 /* Object.m */; };
		4E64C85118D6F11100B52495 /* Action.m in Sources */ = {isa = PBXBuildFile; fileRef = 4E64C85018D6F11100B52495 /* Action.m */; };
		4E64C85418D6F30400B52495 /* Association.m in Sources */ = {isa = PBXBuildFile; fileRef = 4E64C85318D6F30400B52495 /* Association.m */; };
		4E64C85718D6F4E100B52495 /* Cue.m in Sources */ = {isa = PBXBuildFile; fileRef = 4E64C85618D6F4E100B52495 /* Cue.m */; };
		4E64C85A18D6F8E000B52495 /* SharingSet.m in Sources */ = {isa = PBXBuildFile; fileRef = 4E64C85918D6F8E000B52495 /* SharingSet.m */; };
		4E983EDB18F0325900D67D05 /* icon@2x.png in Resources */ = {isa = PBXBuildFile; fileRef = 4E983EDA18F0325900D67D05 /* icon@2x.png */; };
		4EACD61718E1BFE5000E3895 /* objects in Resources */ = {isa = PBXBuildFile; fileRef = 4EACD61618E1BFE5000E3895 /* objects */; };
		4EACD61B18E1C0B4000E3895 /* actions in Resources */ = {isa = PBXBuildFile; fileRef = 4EACD61A18E1C0B4000E3895 /* actions */; };
		4ECD12F518D9CB0700E7AD33 /* InitPAOController.m in Sources */ = {isa = PBXBuildFile; fileRef = 4ECD12F418D9CB0700E7AD33 /* InitPAOController.m */; };
		4ECD130018D9DB0D00E7AD33 /* ImagePickerViewController.m in Sources */ = {isa = PBXBuildFile; fileRef = 4ECD12FF18D9DB0D00E7AD33 /* ImagePickerViewController.m */; };
		4ED1F0A218E2D81800A00181 /* Security.framework in Frameworks */ = {isa = PBXBuildFile; fileRef = 4ED1F0A118E2D81800A00181 /* Security.framework */; };
/* End PBXBuildFile section */

/* Begin PBXContainerItemProxy section */
		4E5F9E4C18D1B17E001A4FD2 /* PBXContainerItemProxy */ = {
			isa = PBXContainerItemProxy;
			containerPortal = 4E5F9E2418D1B17E001A4FD2 /* Project object */;
			proxyType = 1;
			remoteGlobalIDString = 4E5F9E2B18D1B17E001A4FD2;
			remoteInfo = PassCue;
		};
/* End PBXContainerItemProxy section */

/* Begin PBXFileReference section */
		4E0BD3C818D1F39E00E6E545 /* InitAccountController.h */ = {isa = PBXFileReference; fileEncoding = 4; lastKnownFileType = sourcecode.c.h; path = InitAccountController.h; sourceTree = "<group>"; };
		4E0BD3C918D1F39E00E6E545 /* InitAccountController.m */ = {isa = PBXFileReference; fileEncoding = 4; lastKnownFileType = sourcecode.c.objc; path = InitAccountController.m; sourceTree = "<group>"; };
		4E21B3EA18ED92C800527CA7 /* CuesViewController.h */ = {isa = PBXFileReference; fileEncoding = 4; lastKnownFileType = sourcecode.c.h; path = CuesViewController.h; sourceTree = "<group>"; };
		4E21B3EB18ED92C800527CA7 /* CuesViewController.m */ = {isa = PBXFileReference; fileEncoding = 4; lastKnownFileType = sourcecode.c.objc; path = CuesViewController.m; sourceTree = "<group>"; };
		4E21B3ED18EDAE3800527CA7 /* CueViewController.h */ = {isa = PBXFileReference; fileEncoding = 4; lastKnownFileType = sourcecode.c.h; path = CueViewController.h; sourceTree = "<group>"; };
		4E21B3EE18EDAE3800527CA7 /* CueViewController.m */ = {isa = PBXFileReference; fileEncoding = 4; lastKnownFileType = sourcecode.c.objc; path = CueViewController.m; sourceTree = "<group>"; };
		4E33B6AB18DB0636003DE18B /* QuartzCore.framework */ = {isa = PBXFileReference; lastKnownFileType = wrapper.framework; name = QuartzCore.framework; path = System/Library/Frameworks/QuartzCore.framework; sourceTree = SDKROOT; };
		4E5F9E2C18D1B17E001A4FD2 /* PassCue.app */ = {isa = PBXFileReference; explicitFileType = wrapper.application; includeInIndex = 0; path = PassCue.app; sourceTree = BUILT_PRODUCTS_DIR; };
		4E5F9E2F18D1B17E001A4FD2 /* Foundation.framework */ = {isa = PBXFileReference; lastKnownFileType = wrapper.framework; name = Foundation.framework; path = System/Library/Frameworks/Foundation.framework; sourceTree = SDKROOT; };
		4E5F9E3118D1B17E001A4FD2 /* CoreGraphics.framework */ = {isa = PBXFileReference; lastKnownFileType = wrapper.framework; name = CoreGraphics.framework; path = System/Library/Frameworks/CoreGraphics.framework; sourceTree = SDKROOT; };
		4E5F9E3318D1B17E001A4FD2 /* UIKit.framework */ = {isa = PBXFileReference; lastKnownFileType = wrapper.framework; name = UIKit.framework; path = System/Library/Frameworks/UIKit.framework; sourceTree = SDKROOT; };
		4E5F9E3718D1B17E001A4FD2 /* PassCue-Info.plist */ = {isa = PBXFileReference; lastKnownFileType = text.plist.xml; path = "PassCue-Info.plist"; sourceTree = "<group>"; };
		4E5F9E3918D1B17E001A4FD2 /* en */ = {isa = PBXFileReference; lastKnownFileType = text.plist.strings; name = en; path = en.lproj/InfoPlist.strings; sourceTree = "<group>"; };
		4E5F9E3B18D1B17E001A4FD2 /* main.m */ = {isa = PBXFileReference; lastKnownFileType = sourcecode.c.objc; path = main.m; sourceTree = "<group>"; };
		4E5F9E3D18D1B17E001A4FD2 /* PassCue-Prefix.pch */ = {isa = PBXFileReference; lastKnownFileType = sourcecode.c.h; path = "PassCue-Prefix.pch"; sourceTree = "<group>"; };
		4E5F9E3E18D1B17E001A4FD2 /* PassCueAppDelegate.h */ = {isa = PBXFileReference; lastKnownFileType = sourcecode.c.h; path = PassCueAppDelegate.h; sourceTree = "<group>"; };
		4E5F9E3F18D1B17E001A4FD2 /* PassCueAppDelegate.m */ = {isa = PBXFileReference; lastKnownFileType = sourcecode.c.objc; path = PassCueAppDelegate.m; sourceTree = "<group>"; };
		4E5F9E4118D1B17E001A4FD2 /* Images.xcassets */ = {isa = PBXFileReference; lastKnownFileType = folder.assetcatalog; path = Images.xcassets; sourceTree = "<group>"; };
		4E5F9E4718D1B17E001A4FD2 /* PassCueTests.xctest */ = {isa = PBXFileReference; explicitFileType = wrapper.cfbundle; includeInIndex = 0; path = PassCueTests.xctest; sourceTree = BUILT_PRODUCTS_DIR; };
		4E5F9E4818D1B17E001A4FD2 /* XCTest.framework */ = {isa = PBXFileReference; lastKnownFileType = wrapper.framework; name = XCTest.framework; path = Library/Frameworks/XCTest.framework; sourceTree = DEVELOPER_DIR; };
		4E5F9E5018D1B17E001A4FD2 /* PassCueTests-Info.plist */ = {isa = PBXFileReference; lastKnownFileType = text.plist.xml; path = "PassCueTests-Info.plist"; sourceTree = "<group>"; };
		4E5F9E5218D1B17E001A4FD2 /* en */ = {isa = PBXFileReference; lastKnownFileType = text.plist.strings; name = en; path = en.lproj/InfoPlist.strings; sourceTree = "<group>"; };
		4E5F9E5418D1B17E001A4FD2 /* PassCueTests.m */ = {isa = PBXFileReference; lastKnownFileType = sourcecode.c.objc; path = PassCueTests.m; sourceTree = "<group>"; };
		4E5F9E6D18D1B57D001A4FD2 /* DBManager.h */ = {isa = PBXFileReference; fileEncoding = 4; lastKnownFileType = sourcecode.c.h; path = DBManager.h; sourceTree = "<group>"; };
		4E5F9E6E18D1B57D001A4FD2 /* DBManager.m */ = {isa = PBXFileReference; fileEncoding = 4; lastKnownFileType = sourcecode.c.objc; path = DBManager.m; sourceTree = "<group>"; };
		4E5F9E6F18D1B57D001A4FD2 /* MainViewController.h */ = {isa = PBXFileReference; fileEncoding = 4; lastKnownFileType = sourcecode.c.h; path = MainViewController.h; sourceTree = "<group>"; };
		4E5F9E7018D1B57D001A4FD2 /* MainViewController.m */ = {isa = PBXFileReference; fileEncoding = 4; lastKnownFileType = sourcecode.c.objc; path = MainViewController.m; sourceTree = "<group>"; };
		4E5F9E7518D1B57D001A4FD2 /* Task.h */ = {isa = PBXFileReference; fileEncoding = 4; lastKnownFileType = sourcecode.c.h; path = Task.h; sourceTree = "<group>"; };
		4E5F9E7618D1B57D001A4FD2 /* Task.m */ = {isa = PBXFileReference; fileEncoding = 4; lastKnownFileType = sourcecode.c.objc; path = Task.m; sourceTree = "<group>"; };
		4E5F9E7718D1B57D001A4FD2 /* ViewAccountController.h */ = {isa = PBXFileReference; fileEncoding = 4; lastKnownFileType = sourcecode.c.h; path = ViewAccountController.h; sourceTree = "<group>"; };
		4E5F9E7818D1B57D001A4FD2 /* ViewAccountController.m */ = {isa = PBXFileReference; fileEncoding = 4; lastKnownFileType = sourcecode.c.objc; path = ViewAccountController.m; sourceTree = "<group>"; };
		4E5F9E7F18D1B603001A4FD2 /* libsqlite3.0.dylib */ = {isa = PBXFileReference; lastKnownFileType = "compiled.mach-o.dylib"; name = libsqlite3.0.dylib; path = usr/lib/libsqlite3.0.dylib; sourceTree = SDKROOT; };
		4E5F9E8118D1B82E001A4FD2 /* Account.h */ = {isa = PBXFileReference; fileEncoding = 4; lastKnownFileType = sourcecode.c.h; path = Account.h; sourceTree = "<group>"; };
		4E5F9E8218D1B82E001A4FD2 /* Account.m */ = {isa = PBXFileReference; fileEncoding = 4; lastKnownFileType = sourcecode.c.objc; path = Account.m; sourceTree = "<group>"; };
		4E5FD10018E5A64200DF9ED4 /* Default-568h@2x.png */ = {isa = PBXFileReference; lastKnownFileType = image.png; name = "Default-568h@2x.png"; path = "../Default-568h@2x.png"; sourceTree = "<group>"; };
		4E6141C418E95281007D26BD /* RehearsalSchedule.h */ = {isa = PBXFileReference; fileEncoding = 4; lastKnownFileType = sourcecode.c.h; path = RehearsalSchedule.h; sourceTree = "<group>"; };
		4E6141C518E95281007D26BD /* RehearsalSchedule.m */ = {isa = PBXFileReference; fileEncoding = 4; lastKnownFileType = sourcecode.c.objc; path = RehearsalSchedule.m; sourceTree = "<group>"; };
		4E64C84C18D6F0B900B52495 /* Object.h */ = {isa = PBXFileReference; fileEncoding = 4; lastKnownFileType = sourcecode.c.h; path = Object.h; sourceTree = "<group>"; };
		4E64C84D18D6F0B900B52495 /* Object.m */ = {isa = PBXFileReference; fileEncoding = 4; lastKnownFileType = sourcecode.c.objc; path = Object.m; sourceTree = "<group>"; };
		4E64C84F18D6F11100B52495 /* Action.h */ = {isa = PBXFileReference; fileEncoding = 4; lastKnownFileType = sourcecode.c.h; path = Action.h; sourceTree = "<group>"; };
		4E64C85018D6F11100B52495 /* Action.m */ = {isa = PBXFileReference; fileEncoding = 4; lastKnownFileType = sourcecode.c.objc; path = Action.m; sourceTree = "<group>"; };
		4E64C85218D6F30400B52495 /* Association.h */ = {isa = PBXFileReference; fileEncoding = 4; lastKnownFileType = sourcecode.c.h; path = Association.h; sourceTree = "<group>"; };
		4E64C85318D6F30400B52495 /* Association.m */ = {isa = PBXFileReference; fileEncoding = 4; lastKnownFileType = sourcecode.c.objc; path = Association.m; sourceTree = "<group>"; };
		4E64C85518D6F4E100B52495 /* Cue.h */ = {isa = PBXFileReference; fileEncoding = 4; lastKnownFileType = sourcecode.c.h; path = Cue.h; sourceTree = "<group>"; };
		4E64C85618D6F4E100B52495 /* Cue.m */ = {isa = PBXFileReference; fileEncoding = 4; lastKnownFileType = sourcecode.c.objc; path = Cue.m; sourceTree = "<group>"; };
		4E64C85818D6F8E000B52495 /* SharingSet.h */ = {isa = PBXFileReference; fileEncoding = 4; lastKnownFileType = sourcecode.c.h; path = SharingSet.h; sourceTree = "<group>"; };
		4E64C85918D6F8E000B52495 /* SharingSet.m */ = {isa = PBXFileReference; fileEncoding = 4; lastKnownFileType = sourcecode.c.objc; path = SharingSet.m; sourceTree = "<group>"; };
		4E983EDA18F0325900D67D05 /* icon@2x.png */ = {isa = PBXFileReference; lastKnownFileType = image.png; path = "icon@2x.png"; sourceTree = "<group>"; };
		4EACD61618E1BFE5000E3895 /* objects */ = {isa = PBXFileReference; lastKnownFileType = folder; path = objects; sourceTree = "<group>"; };
		4EACD61A18E1C0B4000E3895 /* actions */ = {isa = PBXFileReference; lastKnownFileType = folder; path = actions; sourceTree = "<group>"; };
		4ECD12F318D9CB0700E7AD33 /* InitPAOController.h */ = {isa = PBXFileReference; fileEncoding = 4; lastKnownFileType = sourcecode.c.h; path = InitPAOController.h; sourceTree = "<group>"; };
		4ECD12F418D9CB0700E7AD33 /* InitPAOController.m */ = {isa = PBXFileReference; fileEncoding = 4; lastKnownFileType = sourcecode.c.objc; path = InitPAOController.m; sourceTree = "<group>"; };
		4ECD12FE18D9DB0D00E7AD33 /* ImagePickerViewController.h */ = {isa = PBXFileReference; fileEncoding = 4; lastKnownFileType = sourcecode.c.h; path = ImagePickerViewController.h; sourceTree = "<group>"; };
		4ECD12FF18D9DB0D00E7AD33 /* ImagePickerViewController.m */ = {isa = PBXFileReference; fileEncoding = 4; lastKnownFileType = sourcecode.c.objc; path = ImagePickerViewController.m; sourceTree = "<group>"; };
		4ED1F0A118E2D81800A00181 /* Security.framework */ = {isa = PBXFileReference; lastKnownFileType = wrapper.framework; name = Security.framework; path = System/Library/Frameworks/Security.framework; sourceTree = SDKROOT; };
/* End PBXFileReference section */

/* Begin PBXFrameworksBuildPhase section */
		4E5F9E2918D1B17E001A4FD2 /* Frameworks */ = {
			isa = PBXFrameworksBuildPhase;
			buildActionMask = 2147483647;
			files = (
				4ED1F0A218E2D81800A00181 /* Security.framework in Frameworks */,
				4E5F9E8018D1B603001A4FD2 /* libsqlite3.0.dylib in Frameworks */,
				4E5F9E3218D1B17E001A4FD2 /* CoreGraphics.framework in Frameworks */,
				4E5F9E3418D1B17E001A4FD2 /* UIKit.framework in Frameworks */,
				4E5F9E3018D1B17E001A4FD2 /* Foundation.framework in Frameworks */,
			);
			runOnlyForDeploymentPostprocessing = 0;
		};
		4E5F9E4418D1B17E001A4FD2 /* Frameworks */ = {
			isa = PBXFrameworksBuildPhase;
			buildActionMask = 2147483647;
			files = (
				4E5F9E4918D1B17E001A4FD2 /* XCTest.framework in Frameworks */,
				4E5F9E4B18D1B17E001A4FD2 /* UIKit.framework in Frameworks */,
				4E5F9E4A18D1B17E001A4FD2 /* Foundation.framework in Frameworks */,
			);
			runOnlyForDeploymentPostprocessing = 0;
		};
/* End PBXFrameworksBuildPhase section */

/* Begin PBXGroup section */
		4E5F9E2318D1B17E001A4FD2 = {
			isa = PBXGroup;
			children = (
				4E5F9E3518D1B17E001A4FD2 /* PassCue */,
				4E5F9E4E18D1B17E001A4FD2 /* PassCueTests */,
				4E5F9E2E18D1B17E001A4FD2 /* Frameworks */,
				4E5F9E2D18D1B17E001A4FD2 /* Products */,
			);
			sourceTree = "<group>";
		};
		4E5F9E2D18D1B17E001A4FD2 /* Products */ = {
			isa = PBXGroup;
			children = (
				4E5F9E2C18D1B17E001A4FD2 /* PassCue.app */,
				4E5F9E4718D1B17E001A4FD2 /* PassCueTests.xctest */,
			);
			name = Products;
			sourceTree = "<group>";
		};
		4E5F9E2E18D1B17E001A4FD2 /* Frameworks */ = {
			isa = PBXGroup;
			children = (
				4ED1F0A118E2D81800A00181 /* Security.framework */,
				4E33B6AB18DB0636003DE18B /* QuartzCore.framework */,
				4E5F9E7F18D1B603001A4FD2 /* libsqlite3.0.dylib */,
				4E5F9E2F18D1B17E001A4FD2 /* Foundation.framework */,
				4E5F9E3118D1B17E001A4FD2 /* CoreGraphics.framework */,
				4E5F9E3318D1B17E001A4FD2 /* UIKit.framework */,
				4E5F9E4818D1B17E001A4FD2 /* XCTest.framework */,
			);
			name = Frameworks;
			sourceTree = "<group>";
		};
		4E5F9E3518D1B17E001A4FD2 /* PassCue */ = {
			isa = PBXGroup;
			children = (
				4E5F9E8418D1DE01001A4FD2 /* images */,
				4E21B3EA18ED92C800527CA7 /* CuesViewController.h */,
				4E21B3EB18ED92C800527CA7 /* CuesViewController.m */,
				4E21B3ED18EDAE3800527CA7 /* CueViewController.h */,
				4E21B3EE18EDAE3800527CA7 /* CueViewController.m */,
				4E6141C418E95281007D26BD /* RehearsalSchedule.h */,
				4E6141C518E95281007D26BD /* RehearsalSchedule.m */,
				4E64C85818D6F8E000B52495 /* SharingSet.h */,
				4E64C85918D6F8E000B52495 /* SharingSet.m */,
				4E64C85518D6F4E100B52495 /* Cue.h */,
				4E64C85618D6F4E100B52495 /* Cue.m */,
				4E64C84F18D6F11100B52495 /* Action.h */,
				4E64C85018D6F11100B52495 /* Action.m */,
				4E64C85218D6F30400B52495 /* Association.h */,
				4E64C85318D6F30400B52495 /* Association.m */,
				4E64C84C18D6F0B900B52495 /* Object.h */,
				4E64C84D18D6F0B900B52495 /* Object.m */,
				4E5F9E7518D1B57D001A4FD2 /* Task.h */,
				4E5F9E7618D1B57D001A4FD2 /* Task.m */,
				4E5F9E8118D1B82E001A4FD2 /* Account.h */,
				4E5F9E8218D1B82E001A4FD2 /* Account.m */,
				4E5F9E6D18D1B57D001A4FD2 /* DBManager.h */,
				4E5F9E6E18D1B57D001A4FD2 /* DBManager.m */,
				4E5F9E6F18D1B57D001A4FD2 /* MainViewController.h */,
				4E5F9E7018D1B57D001A4FD2 /* MainViewController.m */,
				4E5F9E7718D1B57D001A4FD2 /* ViewAccountController.h */,
				4E5F9E7818D1B57D001A4FD2 /* ViewAccountController.m */,
				4ECD12F318D9CB0700E7AD33 /* InitPAOController.h */,
				4ECD12F418D9CB0700E7AD33 /* InitPAOController.m */,
				4E0BD3C818D1F39E00E6E545 /* InitAccountController.h */,
				4E0BD3C918D1F39E00E6E545 /* InitAccountController.m */,
				4ECD12FE18D9DB0D00E7AD33 /* ImagePickerViewController.h */,
				4ECD12FF18D9DB0D00E7AD33 /* ImagePickerViewController.m */,
				4E5F9E3E18D1B17E001A4FD2 /* PassCueAppDelegate.h */,
				4E5F9E3F18D1B17E001A4FD2 /* PassCueAppDelegate.m */,
				4E5F9E4118D1B17E001A4FD2 /* Images.xcassets */,
				4E5F9E3618D1B17E001A4FD2 /* Supporting Files */,
			);
			path = PassCue;
			sourceTree = "<group>";
		};
		4E5F9E3618D1B17E001A4FD2 /* Supporting Files */ = {
			isa = PBXGroup;
			children = (
				4E983EDA18F0325900D67D05 /* icon@2x.png */,
				4E5FD10018E5A64200DF9ED4 /* Default-568h@2x.png */,
				4E5F9E3718D1B17E001A4FD2 /* PassCue-Info.plist */,
				4E5F9E3818D1B17E001A4FD2 /* InfoPlist.strings */,
				4E5F9E3B18D1B17E001A4FD2 /* main.m */,
				4E5F9E3D18D1B17E001A4FD2 /* PassCue-Prefix.pch */,
			);
			name = "Supporting Files";
			sourceTree = "<group>";
		};
		4E5F9E4E18D1B17E001A4FD2 /* PassCueTests */ = {
			isa = PBXGroup;
			children = (
				4E5F9E5418D1B17E001A4FD2 /* PassCueTests.m */,
				4E5F9E4F18D1B17E001A4FD2 /* Supporting Files */,
			);
			path = PassCueTests;
			sourceTree = "<group>";
		};
		4E5F9E4F18D1B17E001A4FD2 /* Supporting Files */ = {
			isa = PBXGroup;
			children = (
				4E5F9E5018D1B17E001A4FD2 /* PassCueTests-Info.plist */,
				4E5F9E5118D1B17E001A4FD2 /* InfoPlist.strings */,
			);
			name = "Supporting Files";
			sourceTree = "<group>";
		};
		4E5F9E8418D1DE01001A4FD2 /* images */ = {
			isa = PBXGroup;
			children = (
				4EACD61A18E1C0B4000E3895 /* actions */,
				4EACD61618E1BFE5000E3895 /* objects */,
			);
			name = images;
			sourceTree = "<group>";
		};
/* End PBXGroup section */

/* Begin PBXNativeTarget section */
		4E5F9E2B18D1B17E001A4FD2 /* PassCue */ = {
			isa = PBXNativeTarget;
			buildConfigurationList = 4E5F9E5818D1B17E001A4FD2 /* Build configuration list for PBXNativeTarget "PassCue" */;
			buildPhases = (
				4E5F9E2818D1B17E001A4FD2 /* Sources */,
				4E5F9E2918D1B17E001A4FD2 /* Frameworks */,
				4E5F9E2A18D1B17E001A4FD2 /* Resources */,
			);
			buildRules = (
			);
			dependencies = (
			);
			name = PassCue;
			productName = PassCue;
			productReference = 4E5F9E2C18D1B17E001A4FD2 /* PassCue.app */;
			productType = "com.apple.product-type.application";
		};
		4E5F9E4618D1B17E001A4FD2 /* PassCueTests */ = {
			isa = PBXNativeTarget;
			buildConfigurationList = 4E5F9E5B18D1B17E001A4FD2 /* Build configuration list for PBXNativeTarget "PassCueTests" */;
			buildPhases = (
				4E5F9E4318D1B17E001A4FD2 /* Sources */,
				4E5F9E4418D1B17E001A4FD2 /* Frameworks */,
				4E5F9E4518D1B17E001A4FD2 /* Resources */,
			);
			buildRules = (
			);
			dependencies = (
				4E5F9E4D18D1B17E001A4FD2 /* PBXTargetDependency */,
			);
			name = PassCueTests;
			productName = PassCueTests;
			productReference = 4E5F9E4718D1B17E001A4FD2 /* PassCueTests.xctest */;
			productType = "com.apple.product-type.bundle.unit-test";
		};
/* End PBXNativeTarget section */

/* Begin PBXProject section */
		4E5F9E2418D1B17E001A4FD2 /* Project object */ = {
			isa = PBXProject;
			attributes = {
				CLASSPREFIX = PassCue;
				LastUpgradeCheck = 0510;
				ORGANIZATIONNAME = "Mats Sandvoll";
				TargetAttributes = {
					4E5F9E4618D1B17E001A4FD2 = {
						TestTargetID = 4E5F9E2B18D1B17E001A4FD2;
					};
				};
			};
			buildConfigurationList = 4E5F9E2718D1B17E001A4FD2 /* Build configuration list for PBXProject "PassCue" */;
			compatibilityVersion = "Xcode 3.2";
			developmentRegion = English;
			hasScannedForEncodings = 0;
			knownRegions = (
				en,
			);
			mainGroup = 4E5F9E2318D1B17E001A4FD2;
			productRefGroup = 4E5F9E2D18D1B17E001A4FD2 /* Products */;
			projectDirPath = "";
			projectRoot = "";
			targets = (
				4E5F9E2B18D1B17E001A4FD2 /* PassCue */,
				4E5F9E4618D1B17E001A4FD2 /* PassCueTests */,
			);
		};
/* End PBXProject section */

/* Begin PBXResourcesBuildPhase section */
		4E5F9E2A18D1B17E001A4FD2 /* Resources */ = {
			isa = PBXResourcesBuildPhase;
			buildActionMask = 2147483647;
			files = (
				4EACD61B18E1C0B4000E3895 /* actions in Resources */,
				4E5F9E3A18D1B17E001A4FD2 /* InfoPlist.strings in Resources */,
				4E5FD10118E5A64200DF9ED4 /* Default-568h@2x.png in Resources */,
				4E5F9E4218D1B17E001A4FD2 /* Images.xcassets in Resources */,
				4EACD61718E1BFE5000E3895 /* objects in Resources */,
				4E983EDB18F0325900D67D05 /* icon@2x.png in Resources */,
			);
			runOnlyForDeploymentPostprocessing = 0;
		};
		4E5F9E4518D1B17E001A4FD2 /* Resources */ = {
			isa = PBXResourcesBuildPhase;
			buildActionMask = 2147483647;
			files = (
				4E5F9E5318D1B17E001A4FD2 /* InfoPlist.strings in Resources */,
			);
			runOnlyForDeploymentPostprocessing = 0;
		};
/* End PBXResourcesBuildPhase section */

/* Begin PBXSourcesBuildPhase section */
		4E5F9E2818D1B17E001A4FD2 /* Sources */ = {
			isa = PBXSourcesBuildPhase;
			buildActionMask = 2147483647;
			files = (
				4E5F9E8318D1B82E001A4FD2 /* Account.m in Sources */,
				4E5F9E7D18D1B57D001A4FD2 /* Task.m in Sources */,
				4E6141C618E95281007D26BD /* RehearsalSchedule.m in Sources */,
				4ECD12F518D9CB0700E7AD33 /* InitPAOController.m in Sources */,
				4E5F9E7E18D1B57D001A4FD2 /* ViewAccountController.m in Sources */,
				4E5F9E7918D1B57D001A4FD2 /* DBManager.m in Sources */,
				4E5F9E3C18D1B17E001A4FD2 /* main.m in Sources */,
				4E5F9E4018D1B17E001A4FD2 /* PassCueAppDelegate.m in Sources */,
				4E21B3EF18EDAE3800527CA7 /* CueViewController.m in Sources */,
				4E64C84E18D6F0B900B52495 /* Object.m in Sources */,
				4E21B3EC18ED92C800527CA7 /* CuesViewController.m in Sources */,
				4E64C85A18D6F8E000B52495 /* SharingSet.m in Sources */,
				4E64C85418D6F30400B52495 /* Association.m in Sources */,
				4E64C85118D6F11100B52495 /* Action.m in Sources */,
				4E64C85718D6F4E100B52495 /* Cue.m in Sources */,
				4E5F9E7A18D1B57D001A4FD2 /* MainViewController.m in Sources */,
				4ECD130018D9DB0D00E7AD33 /* ImagePickerViewController.m in Sources */,
				4E0BD3CA18D1F39E00E6E545 /* InitAccountController.m in Sources */,
			);
			runOnlyForDeploymentPostprocessing = 0;
		};
		4E5F9E4318D1B17E001A4FD2 /* Sources */ = {
			isa = PBXSourcesBuildPhase;
			buildActionMask = 2147483647;
			files = (
				4E5F9E5518D1B17E001A4FD2 /* PassCueTests.m in Sources */,
			);
			runOnlyForDeploymentPostprocessing = 0;
		};
/* End PBXSourcesBuildPhase section */

/* Begin PBXTargetDependency section */
		4E5F9E4D18D1B17E001A4FD2 /* PBXTargetDependency */ = {
			isa = PBXTargetDependency;
			target = 4E5F9E2B18D1B17E001A4FD2 /* PassCue */;
			targetProxy = 4E5F9E4C18D1B17E001A4FD2 /* PBXContainerItemProxy */;
		};
/* End PBXTargetDependency section */

/* Begin PBXVariantGroup section */
		4E5F9E3818D1B17E001A4FD2 /* InfoPlist.strings */ = {
			isa = PBXVariantGroup;
			children = (
				4E5F9E3918D1B17E001A4FD2 /* en */,
			);
			name = InfoPlist.strings;
			sourceTree = "<group>";
		};
		4E5F9E5118D1B17E001A4FD2 /* InfoPlist.strings */ = {
			isa = PBXVariantGroup;
			children = (
				4E5F9E5218D1B17E001A4FD2 /* en */,
			);
			name = InfoPlist.strings;
			sourceTree = "<group>";
		};
/* End PBXVariantGroup section */

/* Begin XCBuildConfiguration section */
		4E5F9E5618D1B17E001A4FD2 /* Debug */ = {
			isa = XCBuildConfiguration;
			buildSettings = {
				ALWAYS_SEARCH_USER_PATHS = NO;
				CLANG_CXX_LANGUAGE_STANDARD = "gnu++0x";
				CLANG_CXX_LIBRARY = "libc++";
				CLANG_ENABLE_MODULES = YES;
				CLANG_ENABLE_OBJC_ARC = YES;
				CLANG_WARN_BOOL_CONVERSION = YES;
				CLANG_WARN_CONSTANT_CONVERSION = YES;
				CLANG_WARN_DIRECT_OBJC_ISA_USAGE = YES_ERROR;
				CLANG_WARN_EMPTY_BODY = YES;
				CLANG_WARN_ENUM_CONVERSION = YES;
				CLANG_WARN_INT_CONVERSION = YES;
				CLANG_WARN_OBJC_ROOT_CLASS = YES_ERROR;
				CLANG_WARN__DUPLICATE_METHOD_MATCH = YES;
				"CODE_SIGN_IDENTITY[sdk=iphoneos*]" = "iPhone Developer";
				COPY_PHASE_STRIP = NO;
				GCC_C_LANGUAGE_STANDARD = gnu99;
				GCC_DYNAMIC_NO_PIC = NO;
				GCC_OPTIMIZATION_LEVEL = 0;
				GCC_PREPROCESSOR_DEFINITIONS = (
					"DEBUG=1",
					"$(inherited)",
				);
				GCC_SYMBOLS_PRIVATE_EXTERN = NO;
				GCC_WARN_64_TO_32_BIT_CONVERSION = YES;
				GCC_WARN_ABOUT_RETURN_TYPE = YES_ERROR;
				GCC_WARN_UNDECLARED_SELECTOR = YES;
				GCC_WARN_UNINITIALIZED_AUTOS = YES_AGGRESSIVE;
				GCC_WARN_UNUSED_FUNCTION = YES;
				GCC_WARN_UNUSED_VARIABLE = YES;
				IPHONEOS_DEPLOYMENT_TARGET = 7.1;
				ONLY_ACTIVE_ARCH = YES;
				SDKROOT = iphoneos;
			};
			name = Debug;
		};
		4E5F9E5718D1B17E001A4FD2 /* Release */ = {
			isa = XCBuildConfiguration;
			buildSettings = {
				ALWAYS_SEARCH_USER_PATHS = NO;
				CLANG_CXX_LANGUAGE_STANDARD = "gnu++0x";
				CLANG_CXX_LIBRARY = "libc++";
				CLANG_ENABLE_MODULES = YES;
				CLANG_ENABLE_OBJC_ARC = YES;
				CLANG_WARN_BOOL_CONVERSION = YES;
				CLANG_WARN_CONSTANT_CONVERSION = YES;
				CLANG_WARN_DIRECT_OBJC_ISA_USAGE = YES_ERROR;
				CLANG_WARN_EMPTY_BODY = YES;
				CLANG_WARN_ENUM_CONVERSION = YES;
				CLANG_WARN_INT_CONVERSION = YES;
				CLANG_WARN_OBJC_ROOT_CLASS = YES_ERROR;
				CLANG_WARN__DUPLICATE_METHOD_MATCH = YES;
				"CODE_SIGN_IDENTITY[sdk=iphoneos*]" = "iPhone Developer";
				COPY_PHASE_STRIP = YES;
				ENABLE_NS_ASSERTIONS = NO;
				GCC_C_LANGUAGE_STANDARD = gnu99;
				GCC_WARN_64_TO_32_BIT_CONVERSION = YES;
				GCC_WARN_ABOUT_RETURN_TYPE = YES_ERROR;
				GCC_WARN_UNDECLARED_SELECTOR = YES;
				GCC_WARN_UNINITIALIZED_AUTOS = YES_AGGRESSIVE;
				GCC_WARN_UNUSED_FUNCTION = YES;
				GCC_WARN_UNUSED_VARIABLE = YES;
				IPHONEOS_DEPLOYMENT_TARGET = 7.1;
				SDKROOT = iphoneos;
				VALIDATE_PRODUCT = YES;
			};
			name = Release;
		};
		4E5F9E5918D1B17E001A4FD2 /* Debug */ = {
			isa = XCBuildConfiguration;
			buildSettings = {
				ASSETCATALOG_COMPILER_APPICON_NAME = AppIcon;
				GCC_PRECOMPILE_PREFIX_HEADER = YES;
				GCC_PREFIX_HEADER = "PassCue/PassCue-Prefix.pch";
				INFOPLIST_FILE = "PassCue/PassCue-Info.plist";
				PRODUCT_NAME = "$(TARGET_NAME)";
				WRAPPER_EXTENSION = app;
			};
			name = Debug;
		};
		4E5F9E5A18D1B17E001A4FD2 /* Release */ = {
			isa = XCBuildConfiguration;
			buildSettings = {
				ASSETCATALOG_COMPILER_APPICON_NAME = AppIcon;
				GCC_PRECOMPILE_PREFIX_HEADER = YES;
				GCC_PREFIX_HEADER = "PassCue/PassCue-Prefix.pch";
				INFOPLIST_FILE = "PassCue/PassCue-Info.plist";
				PRODUCT_NAME = "$(TARGET_NAME)";
				WRAPPER_EXTENSION = app;
			};
			name = Release;
		};
		4E5F9E5C18D1B17E001A4FD2 /* Debug */ = {
			isa = XCBuildConfiguration;
			buildSettings = {
				BUNDLE_LOADER = "$(BUILT_PRODUCTS_DIR)/PassCue.app/PassCue";
				FRAMEWORK_SEARCH_PATHS = (
					"$(SDKROOT)/Developer/Library/Frameworks",
					"$(inherited)",
					"$(DEVELOPER_FRAMEWORKS_DIR)",
				);
				GCC_PRECOMPILE_PREFIX_HEADER = YES;
				GCC_PREFIX_HEADER = "PassCue/PassCue-Prefix.pch";
				GCC_PREPROCESSOR_DEFINITIONS = (
					"DEBUG=1",
					"$(inherited)",
				);
				INFOPLIST_FILE = "PassCueTests/PassCueTests-Info.plist";
				PRODUCT_NAME = "$(TARGET_NAME)";
				TEST_HOST = "$(BUNDLE_LOADER)";
				WRAPPER_EXTENSION = xctest;
			};
			name = Debug;
		};
		4E5F9E5D18D1B17E001A4FD2 /* Release */ = {
			isa = XCBuildConfiguration;
			buildSettings = {
				BUNDLE_LOADER = "$(BUILT_PRODUCTS_DIR)/PassCue.app/PassCue";
				FRAMEWORK_SEARCH_PATHS = (
					"$(SDKROOT)/Developer/Library/Frameworks",
					"$(inherited)",
					"$(DEVELOPER_FRAMEWORKS_DIR)",
				);
				GCC_PRECOMPILE_PREFIX_HEADER = YES;
				GCC_PREFIX_HEADER = "PassCue/PassCue-Prefix.pch";
				INFOPLIST_FILE = "PassCueTests/PassCueTests-Info.plist";
				PRODUCT_NAME = "$(TARGET_NAME)";
				TEST_HOST = "$(BUNDLE_LOADER)";
				WRAPPER_EXTENSION = xctest;
			};
			name = Release;
		};
/* End XCBuildConfiguration section */

/* Begin XCConfigurationList section */
		4E5F9E2718D1B17E001A4FD2 /* Build configuration list for PBXProject "PassCue" */ = {
			isa = XCConfigurationList;
			buildConfigurations = (
				4E5F9E5618D1B17E001A4FD2 /* Debug */,
				4E5F9E5718D1B17E001A4FD2 /* Release */,
			);
			defaultConfigurationIsVisible = 0;
			defaultConfigurationName = Release;
		};
		4E5F9E5818D1B17E001A4FD2 /* Build configuration list for PBXNativeTarget "PassCue" */ = {
			isa = XCConfigurationList;
			buildConfigurations = (
				4E5F9E5918D1B17E001A4FD2 /* Debug */,
				4E5F9E5A18D1B17E001A4FD2 /* Release */,
			);
			defaultConfigurationIsVisible = 0;
			defaultConfigurationName = Release;
		};
		4E5F9E5B18D1B17E001A4FD2 /* Build configuration list for PBXNativeTarget "PassCueTests" */ = {
			isa = XCConfigurationList;
			buildConfigurations = (
				4E5F9E5C18D1B17E001A4FD2 /* Debug */,
				4E5F9E5D18D1B17E001A4FD2 /* Release */,
			);
			defaultConfigurationIsVisible = 0;
			defaultConfigurationName = Release;
		};
/* End XCConfigurationList section */
	};
	rootObject = 4E5F9E2418D1B17E001A4FD2 /* Project object */;
}
